
Microsoft Visual Studio Solution File, Format Version 12.00
# Visual Studio Version 16
VisualStudioVersion = 16.0.29306.81
MinimumVisualStudioVersion = 10.0.40219.1
Project("{FAE04EC0-301F-11D3-BF4B-00C04F79EFBC}") = "teste", "teste.csproj", "{0C61A824-D55D-4C2A-83DD-A962A88641BD}"
EndProject
Global
	GlobalSection(SolutionConfigurationPlatforms) = preSolution
		Debug|Any CPU = Debug|Any CPU
		Release|Any CPU = Release|Any CPU
	EndGlobalSection
	GlobalSection(ProjectConfigurationPlatforms) = postSolution
		{0C61A824-D55D-4C2A-83DD-A962A88641BD}.Debug|Any CPU.ActiveCfg = Debug|Any CPU
		{0C61A824-D55D-4C2A-83DD-A962A88641BD}.Debug|Any CPU.Build.0 = Debug|Any CPU
		{0C61A824-D55D-4C2A-83DD-A962A88641BD}.Release|Any CPU.ActiveCfg = Release|Any CPU
		{0C61A824-D55D-4C2A-83DD-A962A88641BD}.Release|Any CPU.Build.0 = Release|Any CPU
	EndGlobalSection
	GlobalSection(SolutionProperties) = preSolution
		HideSolutionNode = FALSE
	EndGlobalSection
	GlobalSection(ExtensibilityGlobals) = postSolution
		SolutionGuid = {56F5CDD7-76D1-41A5-B215-411969FE14FE}
	EndGlobalSection
EndGlobal
